
Microsoft Visual Studio Solution File, Format Version 12.00
# Visual Studio Version 17
VisualStudioVersion = 17.11.35327.3
MinimumVisualStudioVersion = 10.0.40219.1
Project("{8BC9CEB8-8B4A-11D0-8D11-00A0C91BC942}") = "Book library 1st project", "Book library 1st project.vcxproj", "{6892664B-D5BF-4B06-A36D-578CA7D499A2}"
EndProject
Global
	GlobalSection(SolutionConfigurationPlatforms) = preSolution
		Debug|x64 = Debug|x64
		Debug|x86 = Debug|x86
		Release|x64 = Release|x64
		Release|x86 = Release|x86
	EndGlobalSection
	GlobalSection(ProjectConfigurationPlatforms) = postSolution
		{6892664B-D5BF-4B06-A36D-578CA7D499A2}.Debug|x64.ActiveCfg = Debug|x64
		{6892664B-D5BF-4B06-A36D-578CA7D499A2}.Debug|x64.Build.0 = Debug|x64
		{6892664B-D5BF-4B06-A36D-578CA7D499A2}.Debug|x86.ActiveCfg = Debug|Win32
		{6892664B-D5BF-4B06-A36D-578CA7D499A2}.Debug|x86.Build.0 = Debug|Win32
		{6892664B-D5BF-4B06-A36D-578CA7D499A2}.Release|x64.ActiveCfg = Release|x64
		{6892664B-D5BF-4B06-A36D-578CA7D499A2}.Release|x64.Build.0 = Release|x64
		{6892664B-D5BF-4B06-A36D-578CA7D499A2}.Release|x86.ActiveCfg = Release|Win32
		{6892664B-D5BF-4B06-A36D-578CA7D499A2}.Release|x86.Build.0 = Release|Win32
	EndGlobalSection
	GlobalSection(SolutionProperties) = preSolution
		HideSolutionNode = FALSE
	EndGlobalSection
	GlobalSection(ExtensibilityGlobals) = postSolution
		SolutionGuid = {571D0D95-02F4-4A25-9FBF-9C6FE5247BA0}
	EndGlobalSection
EndGlobal
